
Microsoft Visual Studio Solution File, Format Version 12.00
# Visual Studio 15
VisualStudioVersion = 15.0.28307.539
MinimumVisualStudioVersion = 10.0.40219.1
Project("{9A19103F-16F7-4668-BE54-9A1E7A4F7556}") = "WebStore", "WebStore\WebStore.csproj", "{D9009796-5D81-446A-ADC2-60092B223B31}"
EndProject
Project("{FAE04EC0-301F-11D3-BF4B-00C04F79EFBC}") = "WebStore.Domain", "WebStore.Domain\WebStore.Domain.csproj", "{E73402BB-205F-4F05-BC10-6114671CB291}"
EndProject
Global
	GlobalSection(SolutionConfigurationPlatforms) = preSolution
		Debug|Any CPU = Debug|Any CPU
		Release|Any CPU = Release|Any CPU
	EndGlobalSection
	GlobalSection(ProjectConfigurationPlatforms) = postSolution
		{D9009796-5D81-446A-ADC2-60092B223B31}.Debug|Any CPU.ActiveCfg = Debug|Any CPU
		{D9009796-5D81-446A-ADC2-60092B223B31}.Debug|Any CPU.Build.0 = Debug|Any CPU
		{D9009796-5D81-446A-ADC2-60092B223B31}.Release|Any CPU.ActiveCfg = Release|Any CPU
		{D9009796-5D81-446A-ADC2-60092B223B31}.Release|Any CPU.Build.0 = Release|Any CPU
		{E73402BB-205F-4F05-BC10-6114671CB291}.Debug|Any CPU.ActiveCfg = Debug|Any CPU
		{E73402BB-205F-4F05-BC10-6114671CB291}.Debug|Any CPU.Build.0 = Debug|Any CPU
		{E73402BB-205F-4F05-BC10-6114671CB291}.Release|Any CPU.ActiveCfg = Release|Any CPU
		{E73402BB-205F-4F05-BC10-6114671CB291}.Release|Any CPU.Build.0 = Release|Any CPU
	EndGlobalSection
	GlobalSection(SolutionProperties) = preSolution
		HideSolutionNode = FALSE
	EndGlobalSection
	GlobalSection(ExtensibilityGlobals) = postSolution
		SolutionGuid = {B4220F75-993D-4414-B7B7-45DFC4BF4375}
	EndGlobalSection
EndGlobal
